# THIS IS AN AUTOGENERATED FILE. DO NOT EDIT THIS FILE DIRECTLY.
# yarn lockfile v1


bulma-scss@^0.9.3:
  version "0.9.3"
  resolved "https://registry.yarnpkg.com/bulma-scss/-/bulma-scss-0.9.3.tgz#9285c601dc5aff64f3d5b3eedc10e1edad683a6e"
  integrity sha512-36z/b1QMOVNTLJujEQkmytJVQnrixWuMLQx3UayWrLh3S3IR06Y8Q/zrDREB+Txe8M1wvHKuYiD/s7r2OTKYKg==
